
Microsoft Visual Studio Solution File, Format Version 12.00
# Visual Studio Version 17
VisualStudioVersion = 17.5.33424.131
MinimumVisualStudioVersion = 10.0.40219.1
Project("{FAE04EC0-301F-11D3-BF4B-00C04F79EFBC}") = "Libraries", "Libraries\Libraries.csproj", "{4449A896-4C31-41EC-9E17-377F11D51EB5}"
EndProject
Global
	GlobalSection(SolutionConfigurationPlatforms) = preSolution
		Debug|Any CPU = Debug|Any CPU
		Release|Any CPU = Release|Any CPU
	EndGlobalSection
	GlobalSection(ProjectConfigurationPlatforms) = postSolution
		{4449A896-4C31-41EC-9E17-377F11D51EB5}.Debug|Any CPU.ActiveCfg = Debug|Any CPU
		{4449A896-4C31-41EC-9E17-377F11D51EB5}.Debug|Any CPU.Build.0 = Debug|Any CPU
		{4449A896-4C31-41EC-9E17-377F11D51EB5}.Release|Any CPU.ActiveCfg = Release|Any CPU
		{4449A896-4C31-41EC-9E17-377F11D51EB5}.Release|Any CPU.Build.0 = Release|Any CPU
	EndGlobalSection
	GlobalSection(SolutionProperties) = preSolution
		HideSolutionNode = FALSE
	EndGlobalSection
	GlobalSection(ExtensibilityGlobals) = postSolution
		SolutionGuid = {34435EA8-C1B3-4963-9D07-090E096147B8}
	EndGlobalSection
EndGlobal
