
Microsoft Visual Studio Solution File, Format Version 12.00
# Visual Studio Version 17
VisualStudioVersion = 17.5.33424.131
MinimumVisualStudioVersion = 10.0.40219.1
Project("{FAE04EC0-301F-11D3-BF4B-00C04F79EFBC}") = "AlbumMVC", "AlbumMVC\AlbumMVC.csproj", "{EDC9B193-0ED0-4461-AFE3-2399ED9478DD}"
EndProject
Global
	GlobalSection(SolutionConfigurationPlatforms) = preSolution
		Debug|Any CPU = Debug|Any CPU
		Release|Any CPU = Release|Any CPU
	EndGlobalSection
	GlobalSection(ProjectConfigurationPlatforms) = postSolution
		{EDC9B193-0ED0-4461-AFE3-2399ED9478DD}.Debug|Any CPU.ActiveCfg = Debug|Any CPU
		{EDC9B193-0ED0-4461-AFE3-2399ED9478DD}.Debug|Any CPU.Build.0 = Debug|Any CPU
		{EDC9B193-0ED0-4461-AFE3-2399ED9478DD}.Release|Any CPU.ActiveCfg = Release|Any CPU
		{EDC9B193-0ED0-4461-AFE3-2399ED9478DD}.Release|Any CPU.Build.0 = Release|Any CPU
	EndGlobalSection
	GlobalSection(SolutionProperties) = preSolution
		HideSolutionNode = FALSE
	EndGlobalSection
	GlobalSection(ExtensibilityGlobals) = postSolution
		SolutionGuid = {E87C57B5-0AD7-48AF-A95E-976A238E5FCD}
	EndGlobalSection
EndGlobal
